
Microsoft Visual Studio Solution File, Format Version 12.00
# Visual Studio 2013
VisualStudioVersion = 12.0.30501.0
MinimumVisualStudioVersion = 10.0.40219.1
Project("{2150E333-8FDC-42A3-9474-1A3956D46DE8}") = "Builder", "Builder", "{D5FAFE07-245B-4322-B06E-22FA17FC0CAE}"
EndProject
Project("{E24C65DC-7377-472B-9ABA-BC803B73C61A}") = "Builder", "http://localhost:13669", "{36AA5BA0-F5CF-4D56-AA97-4983A0DF7592}"
	ProjectSection(WebsiteProperties) = preProject
		UseIISExpress = "true"
		TargetFrameworkMoniker = ".NETFramework,Version%3Dv2.0"
		Debug.AspNetCompiler.VirtualPath = "/localhost_13669"
		Debug.AspNetCompiler.PhysicalPath = "..\output\Builder\"
		Debug.AspNetCompiler.TargetPath = "PrecompiledWeb\localhost_13669\"
		Debug.AspNetCompiler.Updateable = "true"
		Debug.AspNetCompiler.ForceOverwrite = "true"
		Debug.AspNetCompiler.FixedNames = "false"
		Debug.AspNetCompiler.Debug = "True"
		Release.AspNetCompiler.VirtualPath = "/localhost_13669"
		Release.AspNetCompiler.PhysicalPath = "..\output\Builder\"
		Release.AspNetCompiler.TargetPath = "PrecompiledWeb\localhost_13669\"
		Release.AspNetCompiler.Updateable = "true"
		Release.AspNetCompiler.ForceOverwrite = "true"
		Release.AspNetCompiler.FixedNames = "false"
		Release.AspNetCompiler.Debug = "False"
		SlnRelativePath = "..\output\Builder\"
	EndProjectSection
	ProjectSection(ProjectDependencies) = postProject
		{A0A3DD01-BAF0-4089-AFBE-7BD6C411C54E} = {A0A3DD01-BAF0-4089-AFBE-7BD6C411C54E}
		{5003D20E-8AC3-4137-8CA8-877A7130F5EB} = {5003D20E-8AC3-4137-8CA8-877A7130F5EB}
		{BA2A6119-994C-4CD5-A73D-7552569C782E} = {BA2A6119-994C-4CD5-A73D-7552569C782E}
		{12B4B02A-DB6A-4BA3-8EA4-047F75DA1247} = {12B4B02A-DB6A-4BA3-8EA4-047F75DA1247}
		{FF603A2D-885F-4C43-B9FF-703BCFE8A9F1} = {FF603A2D-885F-4C43-B9FF-703BCFE8A9F1}
		{675E6138-EC2B-4554-83B1-023A92DA2272} = {675E6138-EC2B-4554-83B1-023A92DA2272}
		{1BA69C39-DAD2-4E65-AA0D-57A0D20CCAFA} = {1BA69C39-DAD2-4E65-AA0D-57A0D20CCAFA}
		{DB78AC39-995F-46DA-93F1-3023DEF7EABA} = {DB78AC39-995F-46DA-93F1-3023DEF7EABA}
		{5ABC8C48-3287-4D28-AA97-0656FB626608} = {5ABC8C48-3287-4D28-AA97-0656FB626608}
		{A46B7751-539E-4E2B-80F4-E71F173E97E1} = {A46B7751-539E-4E2B-80F4-E71F173E97E1}
		{CCCA7D55-E9AB-48EC-9378-CBA0F24A949F} = {CCCA7D55-E9AB-48EC-9378-CBA0F24A949F}
		{99CEDF59-E4F6-4C6E-88D3-57C45F8C506B} = {99CEDF59-E4F6-4C6E-88D3-57C45F8C506B}
		{D4B8CF5C-B2CF-45D1-9FBB-AAA152E44718} = {D4B8CF5C-B2CF-45D1-9FBB-AAA152E44718}
		{6D44877E-6AFC-467D-A1D5-4DC013D6CDEE} = {6D44877E-6AFC-467D-A1D5-4DC013D6CDEE}
		{6FA27890-9CAC-485A-ABBA-F66A4B99AD9C} = {6FA27890-9CAC-485A-ABBA-F66A4B99AD9C}
		{C3B83892-A7B4-4AC6-A788-269B4641FD1B} = {C3B83892-A7B4-4AC6-A788-269B4641FD1B}
		{19FD0598-2D60-492F-829B-44766F1A23FD} = {19FD0598-2D60-492F-829B-44766F1A23FD}
		{641B599D-F3DE-444F-B707-7CB44C49818A} = {641B599D-F3DE-444F-B707-7CB44C49818A}
		{8F77F6A8-841C-4FC4-A118-5D65A4A9F1F8} = {8F77F6A8-841C-4FC4-A118-5D65A4A9F1F8}
		{4C56CAB1-4E04-4C69-8AF7-F0CB00F22B70} = {4C56CAB1-4E04-4C69-8AF7-F0CB00F22B70}
		{B0E9FDB5-190C-4A78-A78B-5D254149A846} = {B0E9FDB5-190C-4A78-A78B-5D254149A846}
		{2CCCA8B6-1DC9-411A-93A3-FD69933B6895} = {2CCCA8B6-1DC9-411A-93A3-FD69933B6895}
		{A9769EBF-5073-49CE-AC26-05C309263CC1} = {A9769EBF-5073-49CE-AC26-05C309263CC1}
		{E9C32AC0-C663-492D-8AB2-ED7B4E6F910A} = {E9C32AC0-C663-492D-8AB2-ED7B4E6F910A}
		{5857E1C7-88EA-41B0-8AB5-DE97B8C0159E} = {5857E1C7-88EA-41B0-8AB5-DE97B8C0159E}
		{E9C0A5CA-D749-4205-B41C-E4246B9FDB2E} = {E9C0A5CA-D749-4205-B41C-E4246B9FDB2E}
		{4C2A5CD6-51FF-4A7C-9755-49F226B34D8A} = {4C2A5CD6-51FF-4A7C-9755-49F226B34D8A}
		{CC756BDF-710A-438D-8B25-3C5C76903467} = {CC756BDF-710A-438D-8B25-3C5C76903467}
		{94D632F6-47D0-42A5-9A3A-A3A79A06F07C} = {94D632F6-47D0-42A5-9A3A-A3A79A06F07C}
		{309CF0FF-5C66-4C3E-AFA8-A2856320C956} = {309CF0FF-5C66-4C3E-AFA8-A2856320C956}
	EndProjectSection
EndProject
Project("{2150E333-8FDC-42A3-9474-1A3956D46DE8}") = "Extensibility", "Extensibility", "{D6914ACE-82E2-46B0-98CD-E759BCAC468D}"
EndProject
Project("{FAE04EC0-301F-11D3-BF4B-00C04F79EFBC}") = "ESRI.ArcGIS.Client.Application.Controls", "Extensibility\ESRI.ArcGIS.Client.Application.Controls\ESRI.ArcGIS.Client.Application.Controls.csproj", "{94D632F6-47D0-42A5-9A3A-A3A79A06F07C}"
EndProject
Project("{FAE04EC0-301F-11D3-BF4B-00C04F79EFBC}") = "ESRI.ArcGIS.Client.Application.Layout", "Extensibility\ESRI.ArcGIS.Client.Application.Layout\ESRI.ArcGIS.Client.Application.Layout.csproj", "{641B599D-F3DE-444F-B707-7CB44C49818A}"
EndProject
Project("{FAE04EC0-301F-11D3-BF4B-00C04F79EFBC}") = "ESRI.ArcGIS.Client.Extensiblity", "Extensibility\ESRI.ArcGIS.Client.Extensibility\ESRI.ArcGIS.Client.Extensiblity.csproj", "{FF603A2D-885F-4C43-B9FF-703BCFE8A9F1}"
EndProject
Project("{2150E333-8FDC-42A3-9474-1A3956D46DE8}") = "Framework", "Framework", "{B6480C00-AB4F-4F78-8CC0-E79B9C946E8F}"
EndProject
Project("{FAE04EC0-301F-11D3-BF4B-00C04F79EFBC}") = "ESRI.ArcGIS.Mapping.Windowing", "Internal\Framework\ESRI.ArcGIS.Mapping.Windowing\ESRI.ArcGIS.Mapping.Windowing.csproj", "{C3B83892-A7B4-4AC6-A788-269B4641FD1B}"
EndProject
Project("{FAE04EC0-301F-11D3-BF4B-00C04F79EFBC}") = "ESRI.ArcGIS.Mapping.Core", "Internal\Framework\ESRI.ArcGIS.Mapping.Core\ESRI.ArcGIS.Mapping.Core.csproj", "{D4B8CF5C-B2CF-45D1-9FBB-AAA152E44718}"
EndProject
Project("{FAE04EC0-301F-11D3-BF4B-00C04F79EFBC}") = "ESRI.ArcGIS.Mapping.Behaviors", "Internal\Framework\ESRI.ArcGIS.Mapping.Behaviors\ESRI.ArcGIS.Mapping.Behaviors.csproj", "{675E6138-EC2B-4554-83B1-023A92DA2272}"
EndProject
Project("{FAE04EC0-301F-11D3-BF4B-00C04F79EFBC}") = "ESRI.ArcGIS.Mapping.Controls", "Internal\Controls\ESRI.ArcGIS.Mapping.Controls\ESRI.ArcGIS.Mapping.Controls.csproj", "{E9C0A5CA-D749-4205-B41C-E4246B9FDB2E}"
EndProject
Project("{FAE04EC0-301F-11D3-BF4B-00C04F79EFBC}") = "ESRI.ArcGIS.Mapping.Controls.ArcGISOnline", "Internal\Controls\ESRI.ArcGIS.Mapping.Controls.ArcGISOnline\ESRI.ArcGIS.Mapping.Controls.ArcGISOnline.csproj", "{99CEDF59-E4F6-4C6E-88D3-57C45F8C506B}"
EndProject
Project("{FAE04EC0-301F-11D3-BF4B-00C04F79EFBC}") = "ESRI.ArcGIS.Mapping.DataSources", "Internal\Framework\ESRI.ArcGIS.Mapping.DataSources\ESRI.ArcGIS.Mapping.DataSources.csproj", "{A46B7751-539E-4E2B-80F4-E71F173E97E1}"
EndProject
Project("{FAE04EC0-301F-11D3-BF4B-00C04F79EFBC}") = "ESRI.ArcGIS.Mapping.Controls.Editor", "Internal\Controls\ESRI.ArcGIS.Mapping.Controls.Editor\ESRI.ArcGIS.Mapping.Controls.Editor.csproj", "{A0A3DD01-BAF0-4089-AFBE-7BD6C411C54E}"
EndProject
Project("{FAE04EC0-301F-11D3-BF4B-00C04F79EFBC}") = "ESRI.ArcGIS.Mapping.GP", "Internal\AddIns\ESRI.ArcGIS.Mapping.GP\ESRI.ArcGIS.Mapping.GP.csproj", "{19FD0598-2D60-492F-829B-44766F1A23FD}"
EndProject
Project("{FAE04EC0-301F-11D3-BF4B-00C04F79EFBC}") = "ESRI.ArcGIS.Mapping.Identify", "Internal\AddIns\ESRI.ArcGIS.Mapping.Identify\ESRI.ArcGIS.Mapping.Identify.csproj", "{6FA27890-9CAC-485A-ABBA-F66A4B99AD9C}"
EndProject
Project("{FAE04EC0-301F-11D3-BF4B-00C04F79EFBC}") = "ESRI.ArcGIS.Mapping.Controls.MapContents", "Internal\Controls\ESRI.ArcGIS.Mapping.Controls.MapContents\ESRI.ArcGIS.Mapping.Controls.MapContents.csproj", "{309CF0FF-5C66-4C3E-AFA8-A2856320C956}"
EndProject
Project("{2150E333-8FDC-42A3-9474-1A3956D46DE8}") = "Internal", "Internal", "{D464A0B1-4FAF-424F-AF92-D9184868220C}"
EndProject
Project("{2150E333-8FDC-42A3-9474-1A3956D46DE8}") = "Controls", "Controls", "{5D1C16C5-36C0-4B62-B5C5-EC43BCD0A152}"
EndProject
Project("{2150E333-8FDC-42A3-9474-1A3956D46DE8}") = "AddIns", "AddIns", "{FDE22CE7-6462-4873-B498-59EDAEEB91C7}"
EndProject
Project("{2150E333-8FDC-42A3-9474-1A3956D46DE8}") = "AddIns", "AddIns", "{EE6BB2BC-EEF9-438F-934D-ED148D55F1BC}"
EndProject
Project("{2150E333-8FDC-42A3-9474-1A3956D46DE8}") = "Tools", "Tools", "{66FE31D3-9F4A-4954-A89E-B0D3DB28BD40}"
EndProject
Project("{FAE04EC0-301F-11D3-BF4B-00C04F79EFBC}") = "Bookmarks.AddIns", "AddIns\Tools\Bookmarks\Bookmarks.AddIns\Bookmarks.AddIns.csproj", "{E9C32AC0-C663-492D-8AB2-ED7B4E6F910A}"
	ProjectSection(ProjectDependencies) = postProject
		{A0A3DD01-BAF0-4089-AFBE-7BD6C411C54E} = {A0A3DD01-BAF0-4089-AFBE-7BD6C411C54E}
		{FF603A2D-885F-4C43-B9FF-703BCFE8A9F1} = {FF603A2D-885F-4C43-B9FF-703BCFE8A9F1}
		{675E6138-EC2B-4554-83B1-023A92DA2272} = {675E6138-EC2B-4554-83B1-023A92DA2272}
		{A46B7751-539E-4E2B-80F4-E71F173E97E1} = {A46B7751-539E-4E2B-80F4-E71F173E97E1}
		{99CEDF59-E4F6-4C6E-88D3-57C45F8C506B} = {99CEDF59-E4F6-4C6E-88D3-57C45F8C506B}
		{D4B8CF5C-B2CF-45D1-9FBB-AAA152E44718} = {D4B8CF5C-B2CF-45D1-9FBB-AAA152E44718}
		{6D44877E-6AFC-467D-A1D5-4DC013D6CDEE} = {6D44877E-6AFC-467D-A1D5-4DC013D6CDEE}
		{6FA27890-9CAC-485A-ABBA-F66A4B99AD9C} = {6FA27890-9CAC-485A-ABBA-F66A4B99AD9C}
		{C3B83892-A7B4-4AC6-A788-269B4641FD1B} = {C3B83892-A7B4-4AC6-A788-269B4641FD1B}
		{19FD0598-2D60-492F-829B-44766F1A23FD} = {19FD0598-2D60-492F-829B-44766F1A23FD}
		{641B599D-F3DE-444F-B707-7CB44C49818A} = {641B599D-F3DE-444F-B707-7CB44C49818A}
		{A9769EBF-5073-49CE-AC26-05C309263CC1} = {A9769EBF-5073-49CE-AC26-05C309263CC1}
		{E9C0A5CA-D749-4205-B41C-E4246B9FDB2E} = {E9C0A5CA-D749-4205-B41C-E4246B9FDB2E}
		{94D632F6-47D0-42A5-9A3A-A3A79A06F07C} = {94D632F6-47D0-42A5-9A3A-A3A79A06F07C}
		{309CF0FF-5C66-4C3E-AFA8-A2856320C956} = {309CF0FF-5C66-4C3E-AFA8-A2856320C956}
	EndProjectSection
EndProject
Project("{FAE04EC0-301F-11D3-BF4B-00C04F79EFBC}") = "MeasureTool.AddIns", "AddIns\Tools\MeasureTool\MeasureTool.AddIns\MeasureTool.AddIns.csproj", "{BA2A6119-994C-4CD5-A73D-7552569C782E}"
	ProjectSection(ProjectDependencies) = postProject
		{A0A3DD01-BAF0-4089-AFBE-7BD6C411C54E} = {A0A3DD01-BAF0-4089-AFBE-7BD6C411C54E}
		{FF603A2D-885F-4C43-B9FF-703BCFE8A9F1} = {FF603A2D-885F-4C43-B9FF-703BCFE8A9F1}
		{675E6138-EC2B-4554-83B1-023A92DA2272} = {675E6138-EC2B-4554-83B1-023A92DA2272}
		{A46B7751-539E-4E2B-80F4-E71F173E97E1} = {A46B7751-539E-4E2B-80F4-E71F173E97E1}
		{99CEDF59-E4F6-4C6E-88D3-57C45F8C506B} = {99CEDF59-E4F6-4C6E-88D3-57C45F8C506B}
		{D4B8CF5C-B2CF-45D1-9FBB-AAA152E44718} = {D4B8CF5C-B2CF-45D1-9FBB-AAA152E44718}
		{6D44877E-6AFC-467D-A1D5-4DC013D6CDEE} = {6D44877E-6AFC-467D-A1D5-4DC013D6CDEE}
		{6FA27890-9CAC-485A-ABBA-F66A4B99AD9C} = {6FA27890-9CAC-485A-ABBA-F66A4B99AD9C}
		{C3B83892-A7B4-4AC6-A788-269B4641FD1B} = {C3B83892-A7B4-4AC6-A788-269B4641FD1B}
		{19FD0598-2D60-492F-829B-44766F1A23FD} = {19FD0598-2D60-492F-829B-44766F1A23FD}
		{641B599D-F3DE-444F-B707-7CB44C49818A} = {641B599D-F3DE-444F-B707-7CB44C49818A}
		{A9769EBF-5073-49CE-AC26-05C309263CC1} = {A9769EBF-5073-49CE-AC26-05C309263CC1}
		{E9C0A5CA-D749-4205-B41C-E4246B9FDB2E} = {E9C0A5CA-D749-4205-B41C-E4246B9FDB2E}
		{94D632F6-47D0-42A5-9A3A-A3A79A06F07C} = {94D632F6-47D0-42A5-9A3A-A3A79A06F07C}
		{309CF0FF-5C66-4C3E-AFA8-A2856320C956} = {309CF0FF-5C66-4C3E-AFA8-A2856320C956}
	EndProjectSection
EndProject
Project("{FAE04EC0-301F-11D3-BF4B-00C04F79EFBC}") = "PrintTool.AddIns", "AddIns\Tools\PrintTool\PrintTool.AddIns\PrintTool.AddIns.csproj", "{CCCA7D55-E9AB-48EC-9378-CBA0F24A949F}"
	ProjectSection(ProjectDependencies) = postProject
		{A0A3DD01-BAF0-4089-AFBE-7BD6C411C54E} = {A0A3DD01-BAF0-4089-AFBE-7BD6C411C54E}
		{FF603A2D-885F-4C43-B9FF-703BCFE8A9F1} = {FF603A2D-885F-4C43-B9FF-703BCFE8A9F1}
		{675E6138-EC2B-4554-83B1-023A92DA2272} = {675E6138-EC2B-4554-83B1-023A92DA2272}
		{A46B7751-539E-4E2B-80F4-E71F173E97E1} = {A46B7751-539E-4E2B-80F4-E71F173E97E1}
		{99CEDF59-E4F6-4C6E-88D3-57C45F8C506B} = {99CEDF59-E4F6-4C6E-88D3-57C45F8C506B}
		{D4B8CF5C-B2CF-45D1-9FBB-AAA152E44718} = {D4B8CF5C-B2CF-45D1-9FBB-AAA152E44718}
		{6D44877E-6AFC-467D-A1D5-4DC013D6CDEE} = {6D44877E-6AFC-467D-A1D5-4DC013D6CDEE}
		{6FA27890-9CAC-485A-ABBA-F66A4B99AD9C} = {6FA27890-9CAC-485A-ABBA-F66A4B99AD9C}
		{C3B83892-A7B4-4AC6-A788-269B4641FD1B} = {C3B83892-A7B4-4AC6-A788-269B4641FD1B}
		{19FD0598-2D60-492F-829B-44766F1A23FD} = {19FD0598-2D60-492F-829B-44766F1A23FD}
		{641B599D-F3DE-444F-B707-7CB44C49818A} = {641B599D-F3DE-444F-B707-7CB44C49818A}
		{A9769EBF-5073-49CE-AC26-05C309263CC1} = {A9769EBF-5073-49CE-AC26-05C309263CC1}
		{E9C0A5CA-D749-4205-B41C-E4246B9FDB2E} = {E9C0A5CA-D749-4205-B41C-E4246B9FDB2E}
		{94D632F6-47D0-42A5-9A3A-A3A79A06F07C} = {94D632F6-47D0-42A5-9A3A-A3A79A06F07C}
		{309CF0FF-5C66-4C3E-AFA8-A2856320C956} = {309CF0FF-5C66-4C3E-AFA8-A2856320C956}
	EndProjectSection
EndProject
Project("{FAE04EC0-301F-11D3-BF4B-00C04F79EFBC}") = "QueryRelatedRecords.AddIns", "AddIns\Tools\QueryRelatedRecords\QueryRelatedRecords.AddIns\QueryRelatedRecords.AddIns.csproj", "{4C56CAB1-4E04-4C69-8AF7-F0CB00F22B70}"
	ProjectSection(ProjectDependencies) = postProject
		{A0A3DD01-BAF0-4089-AFBE-7BD6C411C54E} = {A0A3DD01-BAF0-4089-AFBE-7BD6C411C54E}
		{FF603A2D-885F-4C43-B9FF-703BCFE8A9F1} = {FF603A2D-885F-4C43-B9FF-703BCFE8A9F1}
		{675E6138-EC2B-4554-83B1-023A92DA2272} = {675E6138-EC2B-4554-83B1-023A92DA2272}
		{A46B7751-539E-4E2B-80F4-E71F173E97E1} = {A46B7751-539E-4E2B-80F4-E71F173E97E1}
		{99CEDF59-E4F6-4C6E-88D3-57C45F8C506B} = {99CEDF59-E4F6-4C6E-88D3-57C45F8C506B}
		{D4B8CF5C-B2CF-45D1-9FBB-AAA152E44718} = {D4B8CF5C-B2CF-45D1-9FBB-AAA152E44718}
		{6D44877E-6AFC-467D-A1D5-4DC013D6CDEE} = {6D44877E-6AFC-467D-A1D5-4DC013D6CDEE}
		{6FA27890-9CAC-485A-ABBA-F66A4B99AD9C} = {6FA27890-9CAC-485A-ABBA-F66A4B99AD9C}
		{C3B83892-A7B4-4AC6-A788-269B4641FD1B} = {C3B83892-A7B4-4AC6-A788-269B4641FD1B}
		{19FD0598-2D60-492F-829B-44766F1A23FD} = {19FD0598-2D60-492F-829B-44766F1A23FD}
		{641B599D-F3DE-444F-B707-7CB44C49818A} = {641B599D-F3DE-444F-B707-7CB44C49818A}
		{A9769EBF-5073-49CE-AC26-05C309263CC1} = {A9769EBF-5073-49CE-AC26-05C309263CC1}
		{E9C0A5CA-D749-4205-B41C-E4246B9FDB2E} = {E9C0A5CA-D749-4205-B41C-E4246B9FDB2E}
		{94D632F6-47D0-42A5-9A3A-A3A79A06F07C} = {94D632F6-47D0-42A5-9A3A-A3A79A06F07C}
		{309CF0FF-5C66-4C3E-AFA8-A2856320C956} = {309CF0FF-5C66-4C3E-AFA8-A2856320C956}
	EndProjectSection
EndProject
Project("{FAE04EC0-301F-11D3-BF4B-00C04F79EFBC}") = "QueryTool.AddIns", "AddIns\Tools\QueryTool\QueryTool.AddIns\QueryTool.AddIns.csproj", "{12B4B02A-DB6A-4BA3-8EA4-047F75DA1247}"
	ProjectSection(ProjectDependencies) = postProject
		{A0A3DD01-BAF0-4089-AFBE-7BD6C411C54E} = {A0A3DD01-BAF0-4089-AFBE-7BD6C411C54E}
		{FF603A2D-885F-4C43-B9FF-703BCFE8A9F1} = {FF603A2D-885F-4C43-B9FF-703BCFE8A9F1}
		{675E6138-EC2B-4554-83B1-023A92DA2272} = {675E6138-EC2B-4554-83B1-023A92DA2272}
		{A46B7751-539E-4E2B-80F4-E71F173E97E1} = {A46B7751-539E-4E2B-80F4-E71F173E97E1}
		{99CEDF59-E4F6-4C6E-88D3-57C45F8C506B} = {99CEDF59-E4F6-4C6E-88D3-57C45F8C506B}
		{D4B8CF5C-B2CF-45D1-9FBB-AAA152E44718} = {D4B8CF5C-B2CF-45D1-9FBB-AAA152E44718}
		{6D44877E-6AFC-467D-A1D5-4DC013D6CDEE} = {6D44877E-6AFC-467D-A1D5-4DC013D6CDEE}
		{6FA27890-9CAC-485A-ABBA-F66A4B99AD9C} = {6FA27890-9CAC-485A-ABBA-F66A4B99AD9C}
		{C3B83892-A7B4-4AC6-A788-269B4641FD1B} = {C3B83892-A7B4-4AC6-A788-269B4641FD1B}
		{19FD0598-2D60-492F-829B-44766F1A23FD} = {19FD0598-2D60-492F-829B-44766F1A23FD}
		{641B599D-F3DE-444F-B707-7CB44C49818A} = {641B599D-F3DE-444F-B707-7CB44C49818A}
		{A9769EBF-5073-49CE-AC26-05C309263CC1} = {A9769EBF-5073-49CE-AC26-05C309263CC1}
		{E9C0A5CA-D749-4205-B41C-E4246B9FDB2E} = {E9C0A5CA-D749-4205-B41C-E4246B9FDB2E}
		{94D632F6-47D0-42A5-9A3A-A3A79A06F07C} = {94D632F6-47D0-42A5-9A3A-A3A79A06F07C}
		{309CF0FF-5C66-4C3E-AFA8-A2856320C956} = {309CF0FF-5C66-4C3E-AFA8-A2856320C956}
	EndProjectSection
EndProject
Project("{FAE04EC0-301F-11D3-BF4B-00C04F79EFBC}") = "SearchTool.AddIns", "AddIns\Tools\SearchTool\SearchTool.AddIns\SearchTool.AddIns.csproj", "{B0E9FDB5-190C-4A78-A78B-5D254149A846}"
	ProjectSection(ProjectDependencies) = postProject
		{A0A3DD01-BAF0-4089-AFBE-7BD6C411C54E} = {A0A3DD01-BAF0-4089-AFBE-7BD6C411C54E}
		{FF603A2D-885F-4C43-B9FF-703BCFE8A9F1} = {FF603A2D-885F-4C43-B9FF-703BCFE8A9F1}
		{675E6138-EC2B-4554-83B1-023A92DA2272} = {675E6138-EC2B-4554-83B1-023A92DA2272}
		{A46B7751-539E-4E2B-80F4-E71F173E97E1} = {A46B7751-539E-4E2B-80F4-E71F173E97E1}
		{99CEDF59-E4F6-4C6E-88D3-57C45F8C506B} = {99CEDF59-E4F6-4C6E-88D3-57C45F8C506B}
		{D4B8CF5C-B2CF-45D1-9FBB-AAA152E44718} = {D4B8CF5C-B2CF-45D1-9FBB-AAA152E44718}
		{6D44877E-6AFC-467D-A1D5-4DC013D6CDEE} = {6D44877E-6AFC-467D-A1D5-4DC013D6CDEE}
		{6FA27890-9CAC-485A-ABBA-F66A4B99AD9C} = {6FA27890-9CAC-485A-ABBA-F66A4B99AD9C}
		{C3B83892-A7B4-4AC6-A788-269B4641FD1B} = {C3B83892-A7B4-4AC6-A788-269B4641FD1B}
		{19FD0598-2D60-492F-829B-44766F1A23FD} = {19FD0598-2D60-492F-829B-44766F1A23FD}
		{641B599D-F3DE-444F-B707-7CB44C49818A} = {641B599D-F3DE-444F-B707-7CB44C49818A}
		{E9C0A5CA-D749-4205-B41C-E4246B9FDB2E} = {E9C0A5CA-D749-4205-B41C-E4246B9FDB2E}
		{94D632F6-47D0-42A5-9A3A-A3A79A06F07C} = {94D632F6-47D0-42A5-9A3A-A3A79A06F07C}
		{309CF0FF-5C66-4C3E-AFA8-A2856320C956} = {309CF0FF-5C66-4C3E-AFA8-A2856320C956}
	EndProjectSection
EndProject
Project("{2150E333-8FDC-42A3-9474-1A3956D46DE8}") = "Behaviors", "Behaviors", "{AAB586A7-1D25-4DD6-A358-115D5F0BEE6E}"
EndProject
Project("{FAE04EC0-301F-11D3-BF4B-00C04F79EFBC}") = "CenterQueryStringBehavior.AddIns", "AddIns\Behaviors\CenterQueryStringBehavior\CenterQueryStringBehavior.AddIns\CenterQueryStringBehavior.AddIns.csproj", "{5857E1C7-88EA-41B0-8AB5-DE97B8C0159E}"
	ProjectSection(ProjectDependencies) = postProject
		{A0A3DD01-BAF0-4089-AFBE-7BD6C411C54E} = {A0A3DD01-BAF0-4089-AFBE-7BD6C411C54E}
		{FF603A2D-885F-4C43-B9FF-703BCFE8A9F1} = {FF603A2D-885F-4C43-B9FF-703BCFE8A9F1}
		{675E6138-EC2B-4554-83B1-023A92DA2272} = {675E6138-EC2B-4554-83B1-023A92DA2272}
		{A46B7751-539E-4E2B-80F4-E71F173E97E1} = {A46B7751-539E-4E2B-80F4-E71F173E97E1}
		{99CEDF59-E4F6-4C6E-88D3-57C45F8C506B} = {99CEDF59-E4F6-4C6E-88D3-57C45F8C506B}
		{D4B8CF5C-B2CF-45D1-9FBB-AAA152E44718} = {D4B8CF5C-B2CF-45D1-9FBB-AAA152E44718}
		{6D44877E-6AFC-467D-A1D5-4DC013D6CDEE} = {6D44877E-6AFC-467D-A1D5-4DC013D6CDEE}
		{6FA27890-9CAC-485A-ABBA-F66A4B99AD9C} = {6FA27890-9CAC-485A-ABBA-F66A4B99AD9C}
		{C3B83892-A7B4-4AC6-A788-269B4641FD1B} = {C3B83892-A7B4-4AC6-A788-269B4641FD1B}
		{19FD0598-2D60-492F-829B-44766F1A23FD} = {19FD0598-2D60-492F-829B-44766F1A23FD}
		{641B599D-F3DE-444F-B707-7CB44C49818A} = {641B599D-F3DE-444F-B707-7CB44C49818A}
		{A9769EBF-5073-49CE-AC26-05C309263CC1} = {A9769EBF-5073-49CE-AC26-05C309263CC1}
		{E9C0A5CA-D749-4205-B41C-E4246B9FDB2E} = {E9C0A5CA-D749-4205-B41C-E4246B9FDB2E}
		{94D632F6-47D0-42A5-9A3A-A3A79A06F07C} = {94D632F6-47D0-42A5-9A3A-A3A79A06F07C}
		{309CF0FF-5C66-4C3E-AFA8-A2856320C956} = {309CF0FF-5C66-4C3E-AFA8-A2856320C956}
	EndProjectSection
EndProject
Project("{FAE04EC0-301F-11D3-BF4B-00C04F79EFBC}") = "ExtentQueryStringBehavior.AddIns", "AddIns\Behaviors\ExtentQueryStringBehavior\ExtentQueryStringBehavior.AddIns\ExtentQueryStringBehavior.AddIns.csproj", "{DB78AC39-995F-46DA-93F1-3023DEF7EABA}"
	ProjectSection(ProjectDependencies) = postProject
		{A0A3DD01-BAF0-4089-AFBE-7BD6C411C54E} = {A0A3DD01-BAF0-4089-AFBE-7BD6C411C54E}
		{FF603A2D-885F-4C43-B9FF-703BCFE8A9F1} = {FF603A2D-885F-4C43-B9FF-703BCFE8A9F1}
		{675E6138-EC2B-4554-83B1-023A92DA2272} = {675E6138-EC2B-4554-83B1-023A92DA2272}
		{A46B7751-539E-4E2B-80F4-E71F173E97E1} = {A46B7751-539E-4E2B-80F4-E71F173E97E1}
		{99CEDF59-E4F6-4C6E-88D3-57C45F8C506B} = {99CEDF59-E4F6-4C6E-88D3-57C45F8C506B}
		{D4B8CF5C-B2CF-45D1-9FBB-AAA152E44718} = {D4B8CF5C-B2CF-45D1-9FBB-AAA152E44718}
		{6D44877E-6AFC-467D-A1D5-4DC013D6CDEE} = {6D44877E-6AFC-467D-A1D5-4DC013D6CDEE}
		{6FA27890-9CAC-485A-ABBA-F66A4B99AD9C} = {6FA27890-9CAC-485A-ABBA-F66A4B99AD9C}
		{C3B83892-A7B4-4AC6-A788-269B4641FD1B} = {C3B83892-A7B4-4AC6-A788-269B4641FD1B}
		{19FD0598-2D60-492F-829B-44766F1A23FD} = {19FD0598-2D60-492F-829B-44766F1A23FD}
		{641B599D-F3DE-444F-B707-7CB44C49818A} = {641B599D-F3DE-444F-B707-7CB44C49818A}
		{A9769EBF-5073-49CE-AC26-05C309263CC1} = {A9769EBF-5073-49CE-AC26-05C309263CC1}
		{E9C0A5CA-D749-4205-B41C-E4246B9FDB2E} = {E9C0A5CA-D749-4205-B41C-E4246B9FDB2E}
		{94D632F6-47D0-42A5-9A3A-A3A79A06F07C} = {94D632F6-47D0-42A5-9A3A-A3A79A06F07C}
		{309CF0FF-5C66-4C3E-AFA8-A2856320C956} = {309CF0FF-5C66-4C3E-AFA8-A2856320C956}
	EndProjectSection
EndProject
Project("{FAE04EC0-301F-11D3-BF4B-00C04F79EFBC}") = "ScaleLevelQueryStringBehavior.AddIns", "AddIns\Behaviors\ScaleLevelQueryStringBehavior\ScaleLevelQueryStringBehavior.AddIns\ScaleLevelQueryStringBehavior.AddIns.csproj", "{5ABC8C48-3287-4D28-AA97-0656FB626608}"
	ProjectSection(ProjectDependencies) = postProject
		{A0A3DD01-BAF0-4089-AFBE-7BD6C411C54E} = {A0A3DD01-BAF0-4089-AFBE-7BD6C411C54E}
		{FF603A2D-885F-4C43-B9FF-703BCFE8A9F1} = {FF603A2D-885F-4C43-B9FF-703BCFE8A9F1}
		{675E6138-EC2B-4554-83B1-023A92DA2272} = {675E6138-EC2B-4554-83B1-023A92DA2272}
		{A46B7751-539E-4E2B-80F4-E71F173E97E1} = {A46B7751-539E-4E2B-80F4-E71F173E97E1}
		{99CEDF59-E4F6-4C6E-88D3-57C45F8C506B} = {99CEDF59-E4F6-4C6E-88D3-57C45F8C506B}
		{D4B8CF5C-B2CF-45D1-9FBB-AAA152E44718} = {D4B8CF5C-B2CF-45D1-9FBB-AAA152E44718}
		{6D44877E-6AFC-467D-A1D5-4DC013D6CDEE} = {6D44877E-6AFC-467D-A1D5-4DC013D6CDEE}
		{6FA27890-9CAC-485A-ABBA-F66A4B99AD9C} = {6FA27890-9CAC-485A-ABBA-F66A4B99AD9C}
		{C3B83892-A7B4-4AC6-A788-269B4641FD1B} = {C3B83892-A7B4-4AC6-A788-269B4641FD1B}
		{19FD0598-2D60-492F-829B-44766F1A23FD} = {19FD0598-2D60-492F-829B-44766F1A23FD}
		{641B599D-F3DE-444F-B707-7CB44C49818A} = {641B599D-F3DE-444F-B707-7CB44C49818A}
		{A9769EBF-5073-49CE-AC26-05C309263CC1} = {A9769EBF-5073-49CE-AC26-05C309263CC1}
		{E9C0A5CA-D749-4205-B41C-E4246B9FDB2E} = {E9C0A5CA-D749-4205-B41C-E4246B9FDB2E}
		{94D632F6-47D0-42A5-9A3A-A3A79A06F07C} = {94D632F6-47D0-42A5-9A3A-A3A79A06F07C}
		{309CF0FF-5C66-4C3E-AFA8-A2856320C956} = {309CF0FF-5C66-4C3E-AFA8-A2856320C956}
	EndProjectSection
EndProject
Project("{FAE04EC0-301F-11D3-BF4B-00C04F79EFBC}") = "ScaleQueryStringBehavior.AddIns", "AddIns\Behaviors\ScaleQueryStringBehavior\ScaleQueryStringBehavior.AddIns\ScaleQueryStringBehavior.AddIns.csproj", "{5003D20E-8AC3-4137-8CA8-877A7130F5EB}"
	ProjectSection(ProjectDependencies) = postProject
		{FF603A2D-885F-4C43-B9FF-703BCFE8A9F1} = {FF603A2D-885F-4C43-B9FF-703BCFE8A9F1}
		{641B599D-F3DE-444F-B707-7CB44C49818A} = {641B599D-F3DE-444F-B707-7CB44C49818A}
		{A9769EBF-5073-49CE-AC26-05C309263CC1} = {A9769EBF-5073-49CE-AC26-05C309263CC1}
		{94D632F6-47D0-42A5-9A3A-A3A79A06F07C} = {94D632F6-47D0-42A5-9A3A-A3A79A06F07C}
	EndProjectSection
EndProject
Project("{FAE04EC0-301F-11D3-BF4B-00C04F79EFBC}") = "WebMapQueryStringBehavior.AddIns", "AddIns\Behaviors\WebMapQueryStringBehavior\WebMapQueryStringBehavior.AddIns\WebMapQueryStringBehavior.AddIns.csproj", "{1BA69C39-DAD2-4E65-AA0D-57A0D20CCAFA}"
	ProjectSection(ProjectDependencies) = postProject
		{A0A3DD01-BAF0-4089-AFBE-7BD6C411C54E} = {A0A3DD01-BAF0-4089-AFBE-7BD6C411C54E}
		{FF603A2D-885F-4C43-B9FF-703BCFE8A9F1} = {FF603A2D-885F-4C43-B9FF-703BCFE8A9F1}
		{675E6138-EC2B-4554-83B1-023A92DA2272} = {675E6138-EC2B-4554-83B1-023A92DA2272}
		{A46B7751-539E-4E2B-80F4-E71F173E97E1} = {A46B7751-539E-4E2B-80F4-E71F173E97E1}
		{99CEDF59-E4F6-4C6E-88D3-57C45F8C506B} = {99CEDF59-E4F6-4C6E-88D3-57C45F8C506B}
		{D4B8CF5C-B2CF-45D1-9FBB-AAA152E44718} = {D4B8CF5C-B2CF-45D1-9FBB-AAA152E44718}
		{6D44877E-6AFC-467D-A1D5-4DC013D6CDEE} = {6D44877E-6AFC-467D-A1D5-4DC013D6CDEE}
		{6FA27890-9CAC-485A-ABBA-F66A4B99AD9C} = {6FA27890-9CAC-485A-ABBA-F66A4B99AD9C}
		{C3B83892-A7B4-4AC6-A788-269B4641FD1B} = {C3B83892-A7B4-4AC6-A788-269B4641FD1B}
		{19FD0598-2D60-492F-829B-44766F1A23FD} = {19FD0598-2D60-492F-829B-44766F1A23FD}
		{641B599D-F3DE-444F-B707-7CB44C49818A} = {641B599D-F3DE-444F-B707-7CB44C49818A}
		{A9769EBF-5073-49CE-AC26-05C309263CC1} = {A9769EBF-5073-49CE-AC26-05C309263CC1}
		{E9C0A5CA-D749-4205-B41C-E4246B9FDB2E} = {E9C0A5CA-D749-4205-B41C-E4246B9FDB2E}
		{94D632F6-47D0-42A5-9A3A-A3A79A06F07C} = {94D632F6-47D0-42A5-9A3A-A3A79A06F07C}
		{309CF0FF-5C66-4C3E-AFA8-A2856320C956} = {309CF0FF-5C66-4C3E-AFA8-A2856320C956}
	EndProjectSection
EndProject
Project("{2150E333-8FDC-42A3-9474-1A3956D46DE8}") = ".nuget", ".nuget", "{7BAD96D5-1D22-486F-A53B-8BAFCE446E83}"
	ProjectSection(SolutionItems) = preProject
		.nuget\NuGet.Config = .nuget\NuGet.Config
		.nuget\NuGet.exe = .nuget\NuGet.exe
		.nuget\NuGet.targets = .nuget\NuGet.targets
	EndProjectSection
EndProject
Project("{FAE04EC0-301F-11D3-BF4B-00C04F79EFBC}") = "ESRI.ArcGIS.Mapping.Viewer", "Viewer\ESRI.ArcGIS.Mapping.Viewer\ESRI.ArcGIS.Mapping.Viewer.csproj", "{6D44877E-6AFC-467D-A1D5-4DC013D6CDEE}"
EndProject
Project("{2150E333-8FDC-42A3-9474-1A3956D46DE8}") = "Viewer", "Viewer", "{FAD8D416-D158-4E52-A916-B02234F3C91A}"
EndProject
Project("{E24C65DC-7377-472B-9ABA-BC803B73C61A}") = "Viewer", "http://localhost:5703", "{4678EAAB-D898-4119-9627-527954308B0C}"
	ProjectSection(WebsiteProperties) = preProject
		UseIISExpress = "true"
		TargetFrameworkMoniker = ".NETFramework,Version%3Dv4.0"
		Debug.AspNetCompiler.VirtualPath = "/localhost_5703"
		Debug.AspNetCompiler.PhysicalPath = "..\output\Viewer\"
		Debug.AspNetCompiler.TargetPath = "PrecompiledWeb\localhost_5703\"
		Debug.AspNetCompiler.Updateable = "true"
		Debug.AspNetCompiler.ForceOverwrite = "true"
		Debug.AspNetCompiler.FixedNames = "false"
		Debug.AspNetCompiler.Debug = "True"
		Release.AspNetCompiler.VirtualPath = "/localhost_5703"
		Release.AspNetCompiler.PhysicalPath = "..\output\Viewer\"
		Release.AspNetCompiler.TargetPath = "PrecompiledWeb\localhost_5703\"
		Release.AspNetCompiler.Updateable = "true"
		Release.AspNetCompiler.ForceOverwrite = "true"
		Release.AspNetCompiler.FixedNames = "false"
		Release.AspNetCompiler.Debug = "False"
		SlnRelativePath = "..\output\Viewer\"
	EndProjectSection
	ProjectSection(ProjectDependencies) = postProject
		{A0A3DD01-BAF0-4089-AFBE-7BD6C411C54E} = {A0A3DD01-BAF0-4089-AFBE-7BD6C411C54E}
		{5003D20E-8AC3-4137-8CA8-877A7130F5EB} = {5003D20E-8AC3-4137-8CA8-877A7130F5EB}
		{FF603A2D-885F-4C43-B9FF-703BCFE8A9F1} = {FF603A2D-885F-4C43-B9FF-703BCFE8A9F1}
		{675E6138-EC2B-4554-83B1-023A92DA2272} = {675E6138-EC2B-4554-83B1-023A92DA2272}
		{1BA69C39-DAD2-4E65-AA0D-57A0D20CCAFA} = {1BA69C39-DAD2-4E65-AA0D-57A0D20CCAFA}
		{DB78AC39-995F-46DA-93F1-3023DEF7EABA} = {DB78AC39-995F-46DA-93F1-3023DEF7EABA}
		{5ABC8C48-3287-4D28-AA97-0656FB626608} = {5ABC8C48-3287-4D28-AA97-0656FB626608}
		{A46B7751-539E-4E2B-80F4-E71F173E97E1} = {A46B7751-539E-4E2B-80F4-E71F173E97E1}
		{99CEDF59-E4F6-4C6E-88D3-57C45F8C506B} = {99CEDF59-E4F6-4C6E-88D3-57C45F8C506B}
		{D4B8CF5C-B2CF-45D1-9FBB-AAA152E44718} = {D4B8CF5C-B2CF-45D1-9FBB-AAA152E44718}
		{6D44877E-6AFC-467D-A1D5-4DC013D6CDEE} = {6D44877E-6AFC-467D-A1D5-4DC013D6CDEE}
		{6FA27890-9CAC-485A-ABBA-F66A4B99AD9C} = {6FA27890-9CAC-485A-ABBA-F66A4B99AD9C}
		{C3B83892-A7B4-4AC6-A788-269B4641FD1B} = {C3B83892-A7B4-4AC6-A788-269B4641FD1B}
		{19FD0598-2D60-492F-829B-44766F1A23FD} = {19FD0598-2D60-492F-829B-44766F1A23FD}
		{641B599D-F3DE-444F-B707-7CB44C49818A} = {641B599D-F3DE-444F-B707-7CB44C49818A}
		{8F77F6A8-841C-4FC4-A118-5D65A4A9F1F8} = {8F77F6A8-841C-4FC4-A118-5D65A4A9F1F8}
		{4C56CAB1-4E04-4C69-8AF7-F0CB00F22B70} = {4C56CAB1-4E04-4C69-8AF7-F0CB00F22B70}
		{B0E9FDB5-190C-4A78-A78B-5D254149A846} = {B0E9FDB5-190C-4A78-A78B-5D254149A846}
		{2CCCA8B6-1DC9-411A-93A3-FD69933B6895} = {2CCCA8B6-1DC9-411A-93A3-FD69933B6895}
		{5857E1C7-88EA-41B0-8AB5-DE97B8C0159E} = {5857E1C7-88EA-41B0-8AB5-DE97B8C0159E}
		{E9C0A5CA-D749-4205-B41C-E4246B9FDB2E} = {E9C0A5CA-D749-4205-B41C-E4246B9FDB2E}
		{CC756BDF-710A-438D-8B25-3C5C76903467} = {CC756BDF-710A-438D-8B25-3C5C76903467}
		{94D632F6-47D0-42A5-9A3A-A3A79A06F07C} = {94D632F6-47D0-42A5-9A3A-A3A79A06F07C}
		{309CF0FF-5C66-4C3E-AFA8-A2856320C956} = {309CF0FF-5C66-4C3E-AFA8-A2856320C956}
	EndProjectSection
EndProject
Project("{FAE04EC0-301F-11D3-BF4B-00C04F79EFBC}") = "WebsiteStaging", ".buildsteps\WebsiteStaging\WebsiteStaging.csproj", "{A9769EBF-5073-49CE-AC26-05C309263CC1}"
	ProjectSection(ProjectDependencies) = postProject
		{A0A3DD01-BAF0-4089-AFBE-7BD6C411C54E} = {A0A3DD01-BAF0-4089-AFBE-7BD6C411C54E}
		{FF603A2D-885F-4C43-B9FF-703BCFE8A9F1} = {FF603A2D-885F-4C43-B9FF-703BCFE8A9F1}
		{675E6138-EC2B-4554-83B1-023A92DA2272} = {675E6138-EC2B-4554-83B1-023A92DA2272}
		{A46B7751-539E-4E2B-80F4-E71F173E97E1} = {A46B7751-539E-4E2B-80F4-E71F173E97E1}
		{99CEDF59-E4F6-4C6E-88D3-57C45F8C506B} = {99CEDF59-E4F6-4C6E-88D3-57C45F8C506B}
		{D4B8CF5C-B2CF-45D1-9FBB-AAA152E44718} = {D4B8CF5C-B2CF-45D1-9FBB-AAA152E44718}
		{6D44877E-6AFC-467D-A1D5-4DC013D6CDEE} = {6D44877E-6AFC-467D-A1D5-4DC013D6CDEE}
		{6FA27890-9CAC-485A-ABBA-F66A4B99AD9C} = {6FA27890-9CAC-485A-ABBA-F66A4B99AD9C}
		{C3B83892-A7B4-4AC6-A788-269B4641FD1B} = {C3B83892-A7B4-4AC6-A788-269B4641FD1B}
		{19FD0598-2D60-492F-829B-44766F1A23FD} = {19FD0598-2D60-492F-829B-44766F1A23FD}
		{641B599D-F3DE-444F-B707-7CB44C49818A} = {641B599D-F3DE-444F-B707-7CB44C49818A}
		{2CCCA8B6-1DC9-411A-93A3-FD69933B6895} = {2CCCA8B6-1DC9-411A-93A3-FD69933B6895}
		{E9C0A5CA-D749-4205-B41C-E4246B9FDB2E} = {E9C0A5CA-D749-4205-B41C-E4246B9FDB2E}
		{4C2A5CD6-51FF-4A7C-9755-49F226B34D8A} = {4C2A5CD6-51FF-4A7C-9755-49F226B34D8A}
		{CC756BDF-710A-438D-8B25-3C5C76903467} = {CC756BDF-710A-438D-8B25-3C5C76903467}
		{94D632F6-47D0-42A5-9A3A-A3A79A06F07C} = {94D632F6-47D0-42A5-9A3A-A3A79A06F07C}
		{309CF0FF-5C66-4C3E-AFA8-A2856320C956} = {309CF0FF-5C66-4C3E-AFA8-A2856320C956}
	EndProjectSection
EndProject
Project("{2150E333-8FDC-42A3-9474-1A3956D46DE8}") = ".buildsteps", ".buildsteps", "{DEDD9452-EC29-43D7-B249-8511D7E7774C}"
EndProject
Project("{FAE04EC0-301F-11D3-BF4B-00C04F79EFBC}") = "Localization", ".buildsteps\Localization\Localization.csproj", "{8F77F6A8-841C-4FC4-A118-5D65A4A9F1F8}"
	ProjectSection(ProjectDependencies) = postProject
		{A0A3DD01-BAF0-4089-AFBE-7BD6C411C54E} = {A0A3DD01-BAF0-4089-AFBE-7BD6C411C54E}
		{5003D20E-8AC3-4137-8CA8-877A7130F5EB} = {5003D20E-8AC3-4137-8CA8-877A7130F5EB}
		{BA2A6119-994C-4CD5-A73D-7552569C782E} = {BA2A6119-994C-4CD5-A73D-7552569C782E}
		{12B4B02A-DB6A-4BA3-8EA4-047F75DA1247} = {12B4B02A-DB6A-4BA3-8EA4-047F75DA1247}
		{FF603A2D-885F-4C43-B9FF-703BCFE8A9F1} = {FF603A2D-885F-4C43-B9FF-703BCFE8A9F1}
		{675E6138-EC2B-4554-83B1-023A92DA2272} = {675E6138-EC2B-4554-83B1-023A92DA2272}
		{1BA69C39-DAD2-4E65-AA0D-57A0D20CCAFA} = {1BA69C39-DAD2-4E65-AA0D-57A0D20CCAFA}
		{DB78AC39-995F-46DA-93F1-3023DEF7EABA} = {DB78AC39-995F-46DA-93F1-3023DEF7EABA}
		{5ABC8C48-3287-4D28-AA97-0656FB626608} = {5ABC8C48-3287-4D28-AA97-0656FB626608}
		{A46B7751-539E-4E2B-80F4-E71F173E97E1} = {A46B7751-539E-4E2B-80F4-E71F173E97E1}
		{CCCA7D55-E9AB-48EC-9378-CBA0F24A949F} = {CCCA7D55-E9AB-48EC-9378-CBA0F24A949F}
		{99CEDF59-E4F6-4C6E-88D3-57C45F8C506B} = {99CEDF59-E4F6-4C6E-88D3-57C45F8C506B}
		{D4B8CF5C-B2CF-45D1-9FBB-AAA152E44718} = {D4B8CF5C-B2CF-45D1-9FBB-AAA152E44718}
		{6D44877E-6AFC-467D-A1D5-4DC013D6CDEE} = {6D44877E-6AFC-467D-A1D5-4DC013D6CDEE}
		{6FA27890-9CAC-485A-ABBA-F66A4B99AD9C} = {6FA27890-9CAC-485A-ABBA-F66A4B99AD9C}
		{C3B83892-A7B4-4AC6-A788-269B4641FD1B} = {C3B83892-A7B4-4AC6-A788-269B4641FD1B}
		{19FD0598-2D60-492F-829B-44766F1A23FD} = {19FD0598-2D60-492F-829B-44766F1A23FD}
		{641B599D-F3DE-444F-B707-7CB44C49818A} = {641B599D-F3DE-444F-B707-7CB44C49818A}
		{4C56CAB1-4E04-4C69-8AF7-F0CB00F22B70} = {4C56CAB1-4E04-4C69-8AF7-F0CB00F22B70}
		{B0E9FDB5-190C-4A78-A78B-5D254149A846} = {B0E9FDB5-190C-4A78-A78B-5D254149A846}
		{A9769EBF-5073-49CE-AC26-05C309263CC1} = {A9769EBF-5073-49CE-AC26-05C309263CC1}
		{E9C32AC0-C663-492D-8AB2-ED7B4E6F910A} = {E9C32AC0-C663-492D-8AB2-ED7B4E6F910A}
		{5857E1C7-88EA-41B0-8AB5-DE97B8C0159E} = {5857E1C7-88EA-41B0-8AB5-DE97B8C0159E}
		{E9C0A5CA-D749-4205-B41C-E4246B9FDB2E} = {E9C0A5CA-D749-4205-B41C-E4246B9FDB2E}
		{94D632F6-47D0-42A5-9A3A-A3A79A06F07C} = {94D632F6-47D0-42A5-9A3A-A3A79A06F07C}
		{309CF0FF-5C66-4C3E-AFA8-A2856320C956} = {309CF0FF-5C66-4C3E-AFA8-A2856320C956}
	EndProjectSection
EndProject
Project("{FAE04EC0-301F-11D3-BF4B-00C04F79EFBC}") = "ESRI.ArcGIS.Mapping.Builder", "Builder\ESRI.ArcGIS.Mapping.Builder\ESRI.ArcGIS.Mapping.Builder.csproj", "{4C2A5CD6-51FF-4A7C-9755-49F226B34D8A}"
EndProject
Project("{FAE04EC0-301F-11D3-BF4B-00C04F79EFBC}") = "ESRI.ArcGIS.Mapping.Builder.Common", "Builder\ESRI.ArcGIS.Mapping.Builder.Common\ESRI.ArcGIS.Mapping.Builder.Common.csproj", "{2CCCA8B6-1DC9-411A-93A3-FD69933B6895}"
EndProject
Project("{FAE04EC0-301F-11D3-BF4B-00C04F79EFBC}") = "ESRI.ArcGIS.Mapping.Builder.Server", "Builder\ESRI.ArcGIS.Mapping.Builder.Server\ESRI.ArcGIS.Mapping.Builder.Server.csproj", "{CC756BDF-710A-438D-8B25-3C5C76903467}"
EndProject
Project("{FAE04EC0-301F-11D3-BF4B-00C04F79EFBC}") = "ProjectTemplateCreation", ".buildsteps\ProjectTemplateCreation\ProjectTemplateCreation.csproj", "{A0B28F52-9F48-431F-9697-A9D2C60B0D88}"
	ProjectSection(ProjectDependencies) = postProject
		{A0A3DD01-BAF0-4089-AFBE-7BD6C411C54E} = {A0A3DD01-BAF0-4089-AFBE-7BD6C411C54E}
		{5003D20E-8AC3-4137-8CA8-877A7130F5EB} = {5003D20E-8AC3-4137-8CA8-877A7130F5EB}
		{FF603A2D-885F-4C43-B9FF-703BCFE8A9F1} = {FF603A2D-885F-4C43-B9FF-703BCFE8A9F1}
		{675E6138-EC2B-4554-83B1-023A92DA2272} = {675E6138-EC2B-4554-83B1-023A92DA2272}
		{1BA69C39-DAD2-4E65-AA0D-57A0D20CCAFA} = {1BA69C39-DAD2-4E65-AA0D-57A0D20CCAFA}
		{DB78AC39-995F-46DA-93F1-3023DEF7EABA} = {DB78AC39-995F-46DA-93F1-3023DEF7EABA}
		{5ABC8C48-3287-4D28-AA97-0656FB626608} = {5ABC8C48-3287-4D28-AA97-0656FB626608}
		{A46B7751-539E-4E2B-80F4-E71F173E97E1} = {A46B7751-539E-4E2B-80F4-E71F173E97E1}
		{99CEDF59-E4F6-4C6E-88D3-57C45F8C506B} = {99CEDF59-E4F6-4C6E-88D3-57C45F8C506B}
		{D4B8CF5C-B2CF-45D1-9FBB-AAA152E44718} = {D4B8CF5C-B2CF-45D1-9FBB-AAA152E44718}
		{6D44877E-6AFC-467D-A1D5-4DC013D6CDEE} = {6D44877E-6AFC-467D-A1D5-4DC013D6CDEE}
		{6FA27890-9CAC-485A-ABBA-F66A4B99AD9C} = {6FA27890-9CAC-485A-ABBA-F66A4B99AD9C}
		{C3B83892-A7B4-4AC6-A788-269B4641FD1B} = {C3B83892-A7B4-4AC6-A788-269B4641FD1B}
		{19FD0598-2D60-492F-829B-44766F1A23FD} = {19FD0598-2D60-492F-829B-44766F1A23FD}
		{641B599D-F3DE-444F-B707-7CB44C49818A} = {641B599D-F3DE-444F-B707-7CB44C49818A}
		{8F77F6A8-841C-4FC4-A118-5D65A4A9F1F8} = {8F77F6A8-841C-4FC4-A118-5D65A4A9F1F8}
		{4C56CAB1-4E04-4C69-8AF7-F0CB00F22B70} = {4C56CAB1-4E04-4C69-8AF7-F0CB00F22B70}
		{B0E9FDB5-190C-4A78-A78B-5D254149A846} = {B0E9FDB5-190C-4A78-A78B-5D254149A846}
		{2CCCA8B6-1DC9-411A-93A3-FD69933B6895} = {2CCCA8B6-1DC9-411A-93A3-FD69933B6895}
		{A9769EBF-5073-49CE-AC26-05C309263CC1} = {A9769EBF-5073-49CE-AC26-05C309263CC1}
		{5857E1C7-88EA-41B0-8AB5-DE97B8C0159E} = {5857E1C7-88EA-41B0-8AB5-DE97B8C0159E}
		{E9C0A5CA-D749-4205-B41C-E4246B9FDB2E} = {E9C0A5CA-D749-4205-B41C-E4246B9FDB2E}
		{4C2A5CD6-51FF-4A7C-9755-49F226B34D8A} = {4C2A5CD6-51FF-4A7C-9755-49F226B34D8A}
		{CC756BDF-710A-438D-8B25-3C5C76903467} = {CC756BDF-710A-438D-8B25-3C5C76903467}
		{94D632F6-47D0-42A5-9A3A-A3A79A06F07C} = {94D632F6-47D0-42A5-9A3A-A3A79A06F07C}
		{309CF0FF-5C66-4C3E-AFA8-A2856320C956} = {309CF0FF-5C66-4C3E-AFA8-A2856320C956}
	EndProjectSection
EndProject
Global
	GlobalSection(SolutionConfigurationPlatforms) = preSolution
		Debug|Any CPU = Debug|Any CPU
		Release|Any CPU = Release|Any CPU
	EndGlobalSection
	GlobalSection(ProjectConfigurationPlatforms) = postSolution
		{94D632F6-47D0-42A5-9A3A-A3A79A06F07C}.Debug|Any CPU.ActiveCfg = Debug|Any CPU
		{94D632F6-47D0-42A5-9A3A-A3A79A06F07C}.Debug|Any CPU.Build.0 = Debug|Any CPU
		{94D632F6-47D0-42A5-9A3A-A3A79A06F07C}.Release|Any CPU.ActiveCfg = Release|Any CPU
		{94D632F6-47D0-42A5-9A3A-A3A79A06F07C}.Release|Any CPU.Build.0 = Release|Any CPU
		{641B599D-F3DE-444F-B707-7CB44C49818A}.Debug|Any CPU.ActiveCfg = Debug|Any CPU
		{641B599D-F3DE-444F-B707-7CB44C49818A}.Debug|Any CPU.Build.0 = Debug|Any CPU
		{641B599D-F3DE-444F-B707-7CB44C49818A}.Release|Any CPU.ActiveCfg = Release|Any CPU
		{641B599D-F3DE-444F-B707-7CB44C49818A}.Release|Any CPU.Build.0 = Release|Any CPU
		{FF603A2D-885F-4C43-B9FF-703BCFE8A9F1}.Debug|Any CPU.ActiveCfg = Debug|Any CPU
		{FF603A2D-885F-4C43-B9FF-703BCFE8A9F1}.Debug|Any CPU.Build.0 = Debug|Any CPU
		{FF603A2D-885F-4C43-B9FF-703BCFE8A9F1}.Release|Any CPU.ActiveCfg = Release|Any CPU
		{FF603A2D-885F-4C43-B9FF-703BCFE8A9F1}.Release|Any CPU.Build.0 = Release|Any CPU
		{C3B83892-A7B4-4AC6-A788-269B4641FD1B}.Debug|Any CPU.ActiveCfg = Debug|Any CPU
		{C3B83892-A7B4-4AC6-A788-269B4641FD1B}.Debug|Any CPU.Build.0 = Debug|Any CPU
		{C3B83892-A7B4-4AC6-A788-269B4641FD1B}.Release|Any CPU.ActiveCfg = Release|Any CPU
		{C3B83892-A7B4-4AC6-A788-269B4641FD1B}.Release|Any CPU.Build.0 = Release|Any CPU
		{D4B8CF5C-B2CF-45D1-9FBB-AAA152E44718}.Debug|Any CPU.ActiveCfg = Debug|Any CPU
		{D4B8CF5C-B2CF-45D1-9FBB-AAA152E44718}.Debug|Any CPU.Build.0 = Debug|Any CPU
		{D4B8CF5C-B2CF-45D1-9FBB-AAA152E44718}.Release|Any CPU.ActiveCfg = Release|Any CPU
		{D4B8CF5C-B2CF-45D1-9FBB-AAA152E44718}.Release|Any CPU.Build.0 = Release|Any CPU
		{675E6138-EC2B-4554-83B1-023A92DA2272}.Debug|Any CPU.ActiveCfg = Debug|Any CPU
		{675E6138-EC2B-4554-83B1-023A92DA2272}.Debug|Any CPU.Build.0 = Debug|Any CPU
		{675E6138-EC2B-4554-83B1-023A92DA2272}.Release|Any CPU.ActiveCfg = Release|Any CPU
		{675E6138-EC2B-4554-83B1-023A92DA2272}.Release|Any CPU.Build.0 = Release|Any CPU
		{E9C0A5CA-D749-4205-B41C-E4246B9FDB2E}.Debug|Any CPU.ActiveCfg = Debug|Any CPU
		{E9C0A5CA-D749-4205-B41C-E4246B9FDB2E}.Debug|Any CPU.Build.0 = Debug|Any CPU
		{E9C0A5CA-D749-4205-B41C-E4246B9FDB2E}.Release|Any CPU.ActiveCfg = Release|Any CPU
		{E9C0A5CA-D749-4205-B41C-E4246B9FDB2E}.Release|Any CPU.Build.0 = Release|Any CPU
		{99CEDF59-E4F6-4C6E-88D3-57C45F8C506B}.Debug|Any CPU.ActiveCfg = Debug|Any CPU
		{99CEDF59-E4F6-4C6E-88D3-57C45F8C506B}.Debug|Any CPU.Build.0 = Debug|Any CPU
		{99CEDF59-E4F6-4C6E-88D3-57C45F8C506B}.Release|Any CPU.ActiveCfg = Release|Any CPU
		{99CEDF59-E4F6-4C6E-88D3-57C45F8C506B}.Release|Any CPU.Build.0 = Release|Any CPU
		{A46B7751-539E-4E2B-80F4-E71F173E97E1}.Debug|Any CPU.ActiveCfg = Debug|Any CPU
		{A46B7751-539E-4E2B-80F4-E71F173E97E1}.Debug|Any CPU.Build.0 = Debug|Any CPU
		{A46B7751-539E-4E2B-80F4-E71F173E97E1}.Release|Any CPU.ActiveCfg = Release|Any CPU
		{A46B7751-539E-4E2B-80F4-E71F173E97E1}.Release|Any CPU.Build.0 = Release|Any CPU
		{A0A3DD01-BAF0-4089-AFBE-7BD6C411C54E}.Debug|Any CPU.ActiveCfg = Debug|Any CPU
		{A0A3DD01-BAF0-4089-AFBE-7BD6C411C54E}.Debug|Any CPU.Build.0 = Debug|Any CPU
		{A0A3DD01-BAF0-4089-AFBE-7BD6C411C54E}.Release|Any CPU.ActiveCfg = Release|Any CPU
		{A0A3DD01-BAF0-4089-AFBE-7BD6C411C54E}.Release|Any CPU.Build.0 = Release|Any CPU
		{19FD0598-2D60-492F-829B-44766F1A23FD}.Debug|Any CPU.ActiveCfg = Debug|Any CPU
		{19FD0598-2D60-492F-829B-44766F1A23FD}.Debug|Any CPU.Build.0 = Debug|Any CPU
		{19FD0598-2D60-492F-829B-44766F1A23FD}.Release|Any CPU.ActiveCfg = Release|Any CPU
		{19FD0598-2D60-492F-829B-44766F1A23FD}.Release|Any CPU.Build.0 = Release|Any CPU
		{6FA27890-9CAC-485A-ABBA-F66A4B99AD9C}.Debug|Any CPU.ActiveCfg = Debug|Any CPU
		{6FA27890-9CAC-485A-ABBA-F66A4B99AD9C}.Debug|Any CPU.Build.0 = Debug|Any CPU
		{6FA27890-9CAC-485A-ABBA-F66A4B99AD9C}.Release|Any CPU.ActiveCfg = Release|Any CPU
		{6FA27890-9CAC-485A-ABBA-F66A4B99AD9C}.Release|Any CPU.Build.0 = Release|Any CPU
		{309CF0FF-5C66-4C3E-AFA8-A2856320C956}.Debug|Any CPU.ActiveCfg = Debug|Any CPU
		{309CF0FF-5C66-4C3E-AFA8-A2856320C956}.Debug|Any CPU.Build.0 = Debug|Any CPU
		{309CF0FF-5C66-4C3E-AFA8-A2856320C956}.Release|Any CPU.ActiveCfg = Release|Any CPU
		{309CF0FF-5C66-4C3E-AFA8-A2856320C956}.Release|Any CPU.Build.0 = Release|Any CPU
		{E9C32AC0-C663-492D-8AB2-ED7B4E6F910A}.Debug|Any CPU.ActiveCfg = Debug|Any CPU
		{E9C32AC0-C663-492D-8AB2-ED7B4E6F910A}.Debug|Any CPU.Build.0 = Debug|Any CPU
		{E9C32AC0-C663-492D-8AB2-ED7B4E6F910A}.Release|Any CPU.ActiveCfg = Release|Any CPU
		{E9C32AC0-C663-492D-8AB2-ED7B4E6F910A}.Release|Any CPU.Build.0 = Release|Any CPU
		{BA2A6119-994C-4CD5-A73D-7552569C782E}.Debug|Any CPU.ActiveCfg = Debug|Any CPU
		{BA2A6119-994C-4CD5-A73D-7552569C782E}.Debug|Any CPU.Build.0 = Debug|Any CPU
		{BA2A6119-994C-4CD5-A73D-7552569C782E}.Release|Any CPU.ActiveCfg = Release|Any CPU
		{BA2A6119-994C-4CD5-A73D-7552569C782E}.Release|Any CPU.Build.0 = Release|Any CPU
		{CCCA7D55-E9AB-48EC-9378-CBA0F24A949F}.Debug|Any CPU.ActiveCfg = Debug|Any CPU
		{CCCA7D55-E9AB-48EC-9378-CBA0F24A949F}.Debug|Any CPU.Build.0 = Debug|Any CPU
		{CCCA7D55-E9AB-48EC-9378-CBA0F24A949F}.Release|Any CPU.ActiveCfg = Release|Any CPU
		{CCCA7D55-E9AB-48EC-9378-CBA0F24A949F}.Release|Any CPU.Build.0 = Release|Any CPU
		{4C56CAB1-4E04-4C69-8AF7-F0CB00F22B70}.Debug|Any CPU.ActiveCfg = Debug|Any CPU
		{4C56CAB1-4E04-4C69-8AF7-F0CB00F22B70}.Debug|Any CPU.Build.0 = Debug|Any CPU
		{4C56CAB1-4E04-4C69-8AF7-F0CB00F22B70}.Release|Any CPU.ActiveCfg = Release|Any CPU
		{4C56CAB1-4E04-4C69-8AF7-F0CB00F22B70}.Release|Any CPU.Build.0 = Release|Any CPU
		{12B4B02A-DB6A-4BA3-8EA4-047F75DA1247}.Debug|Any CPU.ActiveCfg = Debug|Any CPU
		{12B4B02A-DB6A-4BA3-8EA4-047F75DA1247}.Debug|Any CPU.Build.0 = Debug|Any CPU
		{12B4B02A-DB6A-4BA3-8EA4-047F75DA1247}.Release|Any CPU.ActiveCfg = Release|Any CPU
		{12B4B02A-DB6A-4BA3-8EA4-047F75DA1247}.Release|Any CPU.Build.0 = Release|Any CPU
		{B0E9FDB5-190C-4A78-A78B-5D254149A846}.Debug|Any CPU.ActiveCfg = Debug|Any CPU
		{B0E9FDB5-190C-4A78-A78B-5D254149A846}.Debug|Any CPU.Build.0 = Debug|Any CPU
		{B0E9FDB5-190C-4A78-A78B-5D254149A846}.Release|Any CPU.ActiveCfg = Release|Any CPU
		{B0E9FDB5-190C-4A78-A78B-5D254149A846}.Release|Any CPU.Build.0 = Release|Any CPU
		{5857E1C7-88EA-41B0-8AB5-DE97B8C0159E}.Debug|Any CPU.ActiveCfg = Debug|Any CPU
		{5857E1C7-88EA-41B0-8AB5-DE97B8C0159E}.Debug|Any CPU.Build.0 = Debug|Any CPU
		{5857E1C7-88EA-41B0-8AB5-DE97B8C0159E}.Release|Any CPU.ActiveCfg = Release|Any CPU
		{5857E1C7-88EA-41B0-8AB5-DE97B8C0159E}.Release|Any CPU.Build.0 = Release|Any CPU
		{DB78AC39-995F-46DA-93F1-3023DEF7EABA}.Debug|Any CPU.ActiveCfg = Debug|Any CPU
		{DB78AC39-995F-46DA-93F1-3023DEF7EABA}.Debug|Any CPU.Build.0 = Debug|Any CPU
		{DB78AC39-995F-46DA-93F1-3023DEF7EABA}.Release|Any CPU.ActiveCfg = Release|Any CPU
		{DB78AC39-995F-46DA-93F1-3023DEF7EABA}.Release|Any CPU.Build.0 = Release|Any CPU
		{5ABC8C48-3287-4D28-AA97-0656FB626608}.Debug|Any CPU.ActiveCfg = Debug|Any CPU
		{5ABC8C48-3287-4D28-AA97-0656FB626608}.Debug|Any CPU.Build.0 = Debug|Any CPU
		{5ABC8C48-3287-4D28-AA97-0656FB626608}.Release|Any CPU.ActiveCfg = Release|Any CPU
		{5ABC8C48-3287-4D28-AA97-0656FB626608}.Release|Any CPU.Build.0 = Release|Any CPU
		{5003D20E-8AC3-4137-8CA8-877A7130F5EB}.Debug|Any CPU.ActiveCfg = Debug|Any CPU
		{5003D20E-8AC3-4137-8CA8-877A7130F5EB}.Debug|Any CPU.Build.0 = Debug|Any CPU
		{5003D20E-8AC3-4137-8CA8-877A7130F5EB}.Release|Any CPU.ActiveCfg = Release|Any CPU
		{5003D20E-8AC3-4137-8CA8-877A7130F5EB}.Release|Any CPU.Build.0 = Release|Any CPU
		{1BA69C39-DAD2-4E65-AA0D-57A0D20CCAFA}.Debug|Any CPU.ActiveCfg = Debug|Any CPU
		{1BA69C39-DAD2-4E65-AA0D-57A0D20CCAFA}.Debug|Any CPU.Build.0 = Debug|Any CPU
		{1BA69C39-DAD2-4E65-AA0D-57A0D20CCAFA}.Release|Any CPU.ActiveCfg = Release|Any CPU
		{1BA69C39-DAD2-4E65-AA0D-57A0D20CCAFA}.Release|Any CPU.Build.0 = Release|Any CPU
		{6D44877E-6AFC-467D-A1D5-4DC013D6CDEE}.Debug|Any CPU.ActiveCfg = Debug|Any CPU
		{6D44877E-6AFC-467D-A1D5-4DC013D6CDEE}.Debug|Any CPU.Build.0 = Debug|Any CPU
		{6D44877E-6AFC-467D-A1D5-4DC013D6CDEE}.Release|Any CPU.ActiveCfg = Release|Any CPU
		{6D44877E-6AFC-467D-A1D5-4DC013D6CDEE}.Release|Any CPU.Build.0 = Release|Any CPU
		{4678EAAB-D898-4119-9627-527954308B0C}.Debug|Any CPU.ActiveCfg = Debug|Any CPU
		{4678EAAB-D898-4119-9627-527954308B0C}.Release|Any CPU.ActiveCfg = Debug|Any CPU
		{A9769EBF-5073-49CE-AC26-05C309263CC1}.Debug|Any CPU.ActiveCfg = Debug|Any CPU
		{A9769EBF-5073-49CE-AC26-05C309263CC1}.Debug|Any CPU.Build.0 = Debug|Any CPU
		{A9769EBF-5073-49CE-AC26-05C309263CC1}.Release|Any CPU.ActiveCfg = Release|Any CPU
		{A9769EBF-5073-49CE-AC26-05C309263CC1}.Release|Any CPU.Build.0 = Release|Any CPU
		{8F77F6A8-841C-4FC4-A118-5D65A4A9F1F8}.Debug|Any CPU.ActiveCfg = Debug|Any CPU
		{8F77F6A8-841C-4FC4-A118-5D65A4A9F1F8}.Debug|Any CPU.Build.0 = Debug|Any CPU
		{8F77F6A8-841C-4FC4-A118-5D65A4A9F1F8}.Release|Any CPU.ActiveCfg = Release|Any CPU
		{8F77F6A8-841C-4FC4-A118-5D65A4A9F1F8}.Release|Any CPU.Build.0 = Release|Any CPU
		{4C2A5CD6-51FF-4A7C-9755-49F226B34D8A}.Debug|Any CPU.ActiveCfg = Debug|Any CPU
		{4C2A5CD6-51FF-4A7C-9755-49F226B34D8A}.Debug|Any CPU.Build.0 = Debug|Any CPU
		{4C2A5CD6-51FF-4A7C-9755-49F226B34D8A}.Release|Any CPU.ActiveCfg = Release|Any CPU
		{4C2A5CD6-51FF-4A7C-9755-49F226B34D8A}.Release|Any CPU.Build.0 = Release|Any CPU
		{2CCCA8B6-1DC9-411A-93A3-FD69933B6895}.Debug|Any CPU.ActiveCfg = Debug|Any CPU
		{2CCCA8B6-1DC9-411A-93A3-FD69933B6895}.Debug|Any CPU.Build.0 = Debug|Any CPU
		{2CCCA8B6-1DC9-411A-93A3-FD69933B6895}.Release|Any CPU.ActiveCfg = Release|Any CPU
		{2CCCA8B6-1DC9-411A-93A3-FD69933B6895}.Release|Any CPU.Build.0 = Release|Any CPU
		{CC756BDF-710A-438D-8B25-3C5C76903467}.Debug|Any CPU.ActiveCfg = Debug|Any CPU
		{CC756BDF-710A-438D-8B25-3C5C76903467}.Debug|Any CPU.Build.0 = Debug|Any CPU
		{CC756BDF-710A-438D-8B25-3C5C76903467}.Release|Any CPU.ActiveCfg = Release|Any CPU
		{CC756BDF-710A-438D-8B25-3C5C76903467}.Release|Any CPU.Build.0 = Release|Any CPU
		{36AA5BA0-F5CF-4D56-AA97-4983A0DF7592}.Debug|Any CPU.ActiveCfg = Debug|Any CPU
		{36AA5BA0-F5CF-4D56-AA97-4983A0DF7592}.Release|Any CPU.ActiveCfg = Debug|Any CPU
		{A0B28F52-9F48-431F-9697-A9D2C60B0D88}.Debug|Any CPU.ActiveCfg = Debug|Any CPU
		{A0B28F52-9F48-431F-9697-A9D2C60B0D88}.Debug|Any CPU.Build.0 = Debug|Any CPU
		{A0B28F52-9F48-431F-9697-A9D2C60B0D88}.Release|Any CPU.ActiveCfg = Release|Any CPU
		{A0B28F52-9F48-431F-9697-A9D2C60B0D88}.Release|Any CPU.Build.0 = Release|Any CPU
	EndGlobalSection
	GlobalSection(SolutionProperties) = preSolution
		HideSolutionNode = FALSE
	EndGlobalSection
	GlobalSection(NestedProjects) = preSolution
		{94D632F6-47D0-42A5-9A3A-A3A79A06F07C} = {D6914ACE-82E2-46B0-98CD-E759BCAC468D}
		{641B599D-F3DE-444F-B707-7CB44C49818A} = {D6914ACE-82E2-46B0-98CD-E759BCAC468D}
		{FF603A2D-885F-4C43-B9FF-703BCFE8A9F1} = {D6914ACE-82E2-46B0-98CD-E759BCAC468D}
		{B6480C00-AB4F-4F78-8CC0-E79B9C946E8F} = {D464A0B1-4FAF-424F-AF92-D9184868220C}
		{C3B83892-A7B4-4AC6-A788-269B4641FD1B} = {B6480C00-AB4F-4F78-8CC0-E79B9C946E8F}
		{D4B8CF5C-B2CF-45D1-9FBB-AAA152E44718} = {B6480C00-AB4F-4F78-8CC0-E79B9C946E8F}
		{675E6138-EC2B-4554-83B1-023A92DA2272} = {B6480C00-AB4F-4F78-8CC0-E79B9C946E8F}
		{E9C0A5CA-D749-4205-B41C-E4246B9FDB2E} = {5D1C16C5-36C0-4B62-B5C5-EC43BCD0A152}
		{99CEDF59-E4F6-4C6E-88D3-57C45F8C506B} = {5D1C16C5-36C0-4B62-B5C5-EC43BCD0A152}
		{A46B7751-539E-4E2B-80F4-E71F173E97E1} = {B6480C00-AB4F-4F78-8CC0-E79B9C946E8F}
		{A0A3DD01-BAF0-4089-AFBE-7BD6C411C54E} = {5D1C16C5-36C0-4B62-B5C5-EC43BCD0A152}
		{19FD0598-2D60-492F-829B-44766F1A23FD} = {FDE22CE7-6462-4873-B498-59EDAEEB91C7}
		{6FA27890-9CAC-485A-ABBA-F66A4B99AD9C} = {FDE22CE7-6462-4873-B498-59EDAEEB91C7}
		{309CF0FF-5C66-4C3E-AFA8-A2856320C956} = {5D1C16C5-36C0-4B62-B5C5-EC43BCD0A152}
		{5D1C16C5-36C0-4B62-B5C5-EC43BCD0A152} = {D464A0B1-4FAF-424F-AF92-D9184868220C}
		{FDE22CE7-6462-4873-B498-59EDAEEB91C7} = {D464A0B1-4FAF-424F-AF92-D9184868220C}
		{66FE31D3-9F4A-4954-A89E-B0D3DB28BD40} = {EE6BB2BC-EEF9-438F-934D-ED148D55F1BC}
		{E9C32AC0-C663-492D-8AB2-ED7B4E6F910A} = {66FE31D3-9F4A-4954-A89E-B0D3DB28BD40}
		{BA2A6119-994C-4CD5-A73D-7552569C782E} = {66FE31D3-9F4A-4954-A89E-B0D3DB28BD40}
		{CCCA7D55-E9AB-48EC-9378-CBA0F24A949F} = {66FE31D3-9F4A-4954-A89E-B0D3DB28BD40}
		{4C56CAB1-4E04-4C69-8AF7-F0CB00F22B70} = {66FE31D3-9F4A-4954-A89E-B0D3DB28BD40}
		{12B4B02A-DB6A-4BA3-8EA4-047F75DA1247} = {66FE31D3-9F4A-4954-A89E-B0D3DB28BD40}
		{B0E9FDB5-190C-4A78-A78B-5D254149A846} = {66FE31D3-9F4A-4954-A89E-B0D3DB28BD40}
		{AAB586A7-1D25-4DD6-A358-115D5F0BEE6E} = {EE6BB2BC-EEF9-438F-934D-ED148D55F1BC}
		{5857E1C7-88EA-41B0-8AB5-DE97B8C0159E} = {AAB586A7-1D25-4DD6-A358-115D5F0BEE6E}
		{DB78AC39-995F-46DA-93F1-3023DEF7EABA} = {AAB586A7-1D25-4DD6-A358-115D5F0BEE6E}
		{5ABC8C48-3287-4D28-AA97-0656FB626608} = {AAB586A7-1D25-4DD6-A358-115D5F0BEE6E}
		{5003D20E-8AC3-4137-8CA8-877A7130F5EB} = {AAB586A7-1D25-4DD6-A358-115D5F0BEE6E}
		{1BA69C39-DAD2-4E65-AA0D-57A0D20CCAFA} = {AAB586A7-1D25-4DD6-A358-115D5F0BEE6E}
		{6D44877E-6AFC-467D-A1D5-4DC013D6CDEE} = {FAD8D416-D158-4E52-A916-B02234F3C91A}
		{4678EAAB-D898-4119-9627-527954308B0C} = {FAD8D416-D158-4E52-A916-B02234F3C91A}
		{A9769EBF-5073-49CE-AC26-05C309263CC1} = {DEDD9452-EC29-43D7-B249-8511D7E7774C}
		{8F77F6A8-841C-4FC4-A118-5D65A4A9F1F8} = {DEDD9452-EC29-43D7-B249-8511D7E7774C}
		{4C2A5CD6-51FF-4A7C-9755-49F226B34D8A} = {D5FAFE07-245B-4322-B06E-22FA17FC0CAE}
		{2CCCA8B6-1DC9-411A-93A3-FD69933B6895} = {D5FAFE07-245B-4322-B06E-22FA17FC0CAE}
		{CC756BDF-710A-438D-8B25-3C5C76903467} = {D5FAFE07-245B-4322-B06E-22FA17FC0CAE}
		{36AA5BA0-F5CF-4D56-AA97-4983A0DF7592} = {D5FAFE07-245B-4322-B06E-22FA17FC0CAE}
		{A0B28F52-9F48-431F-9697-A9D2C60B0D88} = {DEDD9452-EC29-43D7-B249-8511D7E7774C}
	EndGlobalSection
EndGlobal
